
Microsoft Visual Studio Solution File, Format Version 12.00
# Visual Studio 15
VisualStudioVersion = 15.0.28307.572
MinimumVisualStudioVersion = 10.0.40219.1
Project("{FAE04EC0-301F-11D3-BF4B-00C04F79EFBC}") = "NotificationPOC.Android", "NotificationPOC\NotificationPOC.Android\NotificationPOC.Android.csproj", "{5059D270-ECD2-4EDE-928D-4CC5A10AA361}"
EndProject
Project("{FAE04EC0-301F-11D3-BF4B-00C04F79EFBC}") = "NotificationPOC.iOS", "NotificationPOC\NotificationPOC.iOS\NotificationPOC.iOS.csproj", "{0E8CB4ED-45D3-4C5F-BAF9-B4F4E65654AD}"
EndProject
Project("{FAE04EC0-301F-11D3-BF4B-00C04F79EFBC}") = "NotificationPOC", "NotificationPOC\NotificationPOC\NotificationPOC.csproj", "{09D43316-7110-431C-AEA3-21080DA0C866}"
EndProject
Global
	GlobalSection(SolutionConfigurationPlatforms) = preSolution
		Ad-Hoc|Any CPU = Ad-Hoc|Any CPU
		Ad-Hoc|iPhone = Ad-Hoc|iPhone
		Ad-Hoc|iPhoneSimulator = Ad-Hoc|iPhoneSimulator
		AppStore|Any CPU = AppStore|Any CPU
		AppStore|iPhone = AppStore|iPhone
		AppStore|iPhoneSimulator = AppStore|iPhoneSimulator
		Debug|Any CPU = Debug|Any CPU
		Debug|iPhone = Debug|iPhone
		Debug|iPhoneSimulator = Debug|iPhoneSimulator
		Release|Any CPU = Release|Any CPU
		Release|iPhone = Release|iPhone
		Release|iPhoneSimulator = Release|iPhoneSimulator
	EndGlobalSection
	GlobalSection(ProjectConfigurationPlatforms) = postSolution
		{5059D270-ECD2-4EDE-928D-4CC5A10AA361}.Ad-Hoc|Any CPU.ActiveCfg = Release|Any CPU
		{5059D270-ECD2-4EDE-928D-4CC5A10AA361}.Ad-Hoc|Any CPU.Build.0 = Release|Any CPU
		{5059D270-ECD2-4EDE-928D-4CC5A10AA361}.Ad-Hoc|Any CPU.Deploy.0 = Release|Any CPU
		{5059D270-ECD2-4EDE-928D-4CC5A10AA361}.Ad-Hoc|iPhone.ActiveCfg = Release|Any CPU
		{5059D270-ECD2-4EDE-928D-4CC5A10AA361}.Ad-Hoc|iPhone.Build.0 = Release|Any CPU
		{5059D270-ECD2-4EDE-928D-4CC5A10AA361}.Ad-Hoc|iPhone.Deploy.0 = Release|Any CPU
		{5059D270-ECD2-4EDE-928D-4CC5A10AA361}.Ad-Hoc|iPhoneSimulator.ActiveCfg = Release|Any CPU
		{5059D270-ECD2-4EDE-928D-4CC5A10AA361}.Ad-Hoc|iPhoneSimulator.Build.0 = Release|Any CPU
		{5059D270-ECD2-4EDE-928D-4CC5A10AA361}.Ad-Hoc|iPhoneSimulator.Deploy.0 = Release|Any CPU
		{5059D270-ECD2-4EDE-928D-4CC5A10AA361}.AppStore|Any CPU.ActiveCfg = Release|Any CPU
		{5059D270-ECD2-4EDE-928D-4CC5A10AA361}.AppStore|Any CPU.Build.0 = Release|Any CPU
		{5059D270-ECD2-4EDE-928D-4CC5A10AA361}.AppStore|Any CPU.Deploy.0 = Release|Any CPU
		{5059D270-ECD2-4EDE-928D-4CC5A10AA361}.AppStore|iPhone.ActiveCfg = Release|Any CPU
		{5059D270-ECD2-4EDE-928D-4CC5A10AA361}.AppStore|iPhone.Build.0 = Release|Any CPU
		{5059D270-ECD2-4EDE-928D-4CC5A10AA361}.AppStore|iPhone.Deploy.0 = Release|Any CPU
		{5059D270-ECD2-4EDE-928D-4CC5A10AA361}.AppStore|iPhoneSimulator.ActiveCfg = Release|Any CPU
		{5059D270-ECD2-4EDE-928D-4CC5A10AA361}.AppStore|iPhoneSimulator.Build.0 = Release|Any CPU
		{5059D270-ECD2-4EDE-928D-4CC5A10AA361}.AppStore|iPhoneSimulator.Deploy.0 = Release|Any CPU
		{5059D270-ECD2-4EDE-928D-4CC5A10AA361}.Debug|Any CPU.ActiveCfg = Debug|Any CPU
		{5059D270-ECD2-4EDE-928D-4CC5A10AA361}.Debug|Any CPU.Build.0 = Debug|Any CPU
		{5059D270-ECD2-4EDE-928D-4CC5A10AA361}.Debug|Any CPU.Deploy.0 = Debug|Any CPU
		{5059D270-ECD2-4EDE-928D-4CC5A10AA361}.Debug|iPhone.ActiveCfg = Debug|Any CPU
		{5059D270-ECD2-4EDE-928D-4CC5A10AA361}.Debug|iPhone.Build.0 = Debug|Any CPU
		{5059D270-ECD2-4EDE-928D-4CC5A10AA361}.Debug|iPhone.Deploy.0 = Debug|Any CPU
		{5059D270-ECD2-4EDE-928D-4CC5A10AA361}.Debug|iPhoneSimulator.ActiveCfg = Debug|Any CPU
		{5059D270-ECD2-4EDE-928D-4CC5A10AA361}.Debug|iPhoneSimulator.Build.0 = Debug|Any CPU
		{5059D270-ECD2-4EDE-928D-4CC5A10AA361}.Debug|iPhoneSimulator.Deploy.0 = Debug|Any CPU
		{5059D270-ECD2-4EDE-928D-4CC5A10AA361}.Release|Any CPU.ActiveCfg = Release|Any CPU
		{5059D270-ECD2-4EDE-928D-4CC5A10AA361}.Release|Any CPU.Build.0 = Release|Any CPU
		{5059D270-ECD2-4EDE-928D-4CC5A10AA361}.Release|Any CPU.Deploy.0 = Release|Any CPU
		{5059D270-ECD2-4EDE-928D-4CC5A10AA361}.Release|iPhone.ActiveCfg = Release|Any CPU
		{5059D270-ECD2-4EDE-928D-4CC5A10AA361}.Release|iPhone.Build.0 = Release|Any CPU
		{5059D270-ECD2-4EDE-928D-4CC5A10AA361}.Release|iPhone.Deploy.0 = Release|Any CPU
		{5059D270-ECD2-4EDE-928D-4CC5A10AA361}.Release|iPhoneSimulator.ActiveCfg = Release|Any CPU
		{5059D270-ECD2-4EDE-928D-4CC5A10AA361}.Release|iPhoneSimulator.Build.0 = Release|Any CPU
		{5059D270-ECD2-4EDE-928D-4CC5A10AA361}.Release|iPhoneSimulator.Deploy.0 = Release|Any CPU
		{0E8CB4ED-45D3-4C5F-BAF9-B4F4E65654AD}.Ad-Hoc|Any CPU.ActiveCfg = Ad-Hoc|iPhone
		{0E8CB4ED-45D3-4C5F-BAF9-B4F4E65654AD}.Ad-Hoc|Any CPU.Build.0 = Ad-Hoc|iPhone
		{0E8CB4ED-45D3-4C5F-BAF9-B4F4E65654AD}.Ad-Hoc|Any CPU.Deploy.0 = Ad-Hoc|iPhone
		{0E8CB4ED-45D3-4C5F-BAF9-B4F4E65654AD}.Ad-Hoc|iPhone.ActiveCfg = Ad-Hoc|iPhone
		{0E8CB4ED-45D3-4C5F-BAF9-B4F4E65654AD}.Ad-Hoc|iPhone.Build.0 = Ad-Hoc|iPhone
		{0E8CB4ED-45D3-4C5F-BAF9-B4F4E65654AD}.Ad-Hoc|iPhone.Deploy.0 = Ad-Hoc|iPhone
		{0E8CB4ED-45D3-4C5F-BAF9-B4F4E65654AD}.Ad-Hoc|iPhoneSimulator.ActiveCfg = Ad-Hoc|iPhoneSimulator
		{0E8CB4ED-45D3-4C5F-BAF9-B4F4E65654AD}.Ad-Hoc|iPhoneSimulator.Build.0 = Ad-Hoc|iPhoneSimulator
		{0E8CB4ED-45D3-4C5F-BAF9-B4F4E65654AD}.Ad-Hoc|iPhoneSimulator.Deploy.0 = Ad-Hoc|iPhoneSimulator
		{0E8CB4ED-45D3-4C5F-BAF9-B4F4E65654AD}.AppStore|Any CPU.ActiveCfg = AppStore|iPhone
		{0E8CB4ED-45D3-4C5F-BAF9-B4F4E65654AD}.AppStore|Any CPU.Build.0 = AppStore|iPhone
		{0E8CB4ED-45D3-4C5F-BAF9-B4F4E65654AD}.AppStore|Any CPU.Deploy.0 = AppStore|iPhone
		{0E8CB4ED-45D3-4C5F-BAF9-B4F4E65654AD}.AppStore|iPhone.ActiveCfg = AppStore|iPhone
		{0E8CB4ED-45D3-4C5F-BAF9-B4F4E65654AD}.AppStore|iPhone.Build.0 = AppStore|iPhone
		{0E8CB4ED-45D3-4C5F-BAF9-B4F4E65654AD}.AppStore|iPhone.Deploy.0 = AppStore|iPhone
		{0E8CB4ED-45D3-4C5F-BAF9-B4F4E65654AD}.AppStore|iPhoneSimulator.ActiveCfg = AppStore|iPhoneSimulator
		{0E8CB4ED-45D3-4C5F-BAF9-B4F4E65654AD}.AppStore|iPhoneSimulator.Build.0 = AppStore|iPhoneSimulator
		{0E8CB4ED-45D3-4C5F-BAF9-B4F4E65654AD}.AppStore|iPhoneSimulator.Deploy.0 = AppStore|iPhoneSimulator
		{0E8CB4ED-45D3-4C5F-BAF9-B4F4E65654AD}.Debug|Any CPU.ActiveCfg = Debug|iPhoneSimulator
		{0E8CB4ED-45D3-4C5F-BAF9-B4F4E65654AD}.Debug|Any CPU.Build.0 = Debug|iPhoneSimulator
		{0E8CB4ED-45D3-4C5F-BAF9-B4F4E65654AD}.Debug|Any CPU.Deploy.0 = Debug|iPhoneSimulator
		{0E8CB4ED-45D3-4C5F-BAF9-B4F4E65654AD}.Debug|iPhone.ActiveCfg = Debug|iPhone
		{0E8CB4ED-45D3-4C5F-BAF9-B4F4E65654AD}.Debug|iPhone.Build.0 = Debug|iPhone
		{0E8CB4ED-45D3-4C5F-BAF9-B4F4E65654AD}.Debug|iPhone.Deploy.0 = Debug|iPhone
		{0E8CB4ED-45D3-4C5F-BAF9-B4F4E65654AD}.Debug|iPhoneSimulator.ActiveCfg = Debug|iPhoneSimulator
		{0E8CB4ED-45D3-4C5F-BAF9-B4F4E65654AD}.Debug|iPhoneSimulator.Build.0 = Debug|iPhoneSimulator
		{0E8CB4ED-45D3-4C5F-BAF9-B4F4E65654AD}.Debug|iPhoneSimulator.Deploy.0 = Debug|iPhoneSimulator
		{0E8CB4ED-45D3-4C5F-BAF9-B4F4E65654AD}.Release|Any CPU.ActiveCfg = Release|iPhone
		{0E8CB4ED-45D3-4C5F-BAF9-B4F4E65654AD}.Release|Any CPU.Build.0 = Release|iPhone
		{0E8CB4ED-45D3-4C5F-BAF9-B4F4E65654AD}.Release|Any CPU.Deploy.0 = Release|iPhone
		{0E8CB4ED-45D3-4C5F-BAF9-B4F4E65654AD}.Release|iPhone.ActiveCfg = Release|iPhone
		{0E8CB4ED-45D3-4C5F-BAF9-B4F4E65654AD}.Release|iPhone.Build.0 = Release|iPhone
		{0E8CB4ED-45D3-4C5F-BAF9-B4F4E65654AD}.Release|iPhone.Deploy.0 = Release|iPhone
		{0E8CB4ED-45D3-4C5F-BAF9-B4F4E65654AD}.Release|iPhoneSimulator.ActiveCfg = Release|iPhoneSimulator
		{0E8CB4ED-45D3-4C5F-BAF9-B4F4E65654AD}.Release|iPhoneSimulator.Build.0 = Release|iPhoneSimulator
		{0E8CB4ED-45D3-4C5F-BAF9-B4F4E65654AD}.Release|iPhoneSimulator.Deploy.0 = Release|iPhoneSimulator
		{09D43316-7110-431C-AEA3-21080DA0C866}.Ad-Hoc|Any CPU.ActiveCfg = Debug|Any CPU
		{09D43316-7110-431C-AEA3-21080DA0C866}.Ad-Hoc|Any CPU.Build.0 = Debug|Any CPU
		{09D43316-7110-431C-AEA3-21080DA0C866}.Ad-Hoc|Any CPU.Deploy.0 = Debug|Any CPU
		{09D43316-7110-431C-AEA3-21080DA0C866}.Ad-Hoc|iPhone.ActiveCfg = Debug|Any CPU
		{09D43316-7110-431C-AEA3-21080DA0C866}.Ad-Hoc|iPhone.Build.0 = Debug|Any CPU
		{09D43316-7110-431C-AEA3-21080DA0C866}.Ad-Hoc|iPhone.Deploy.0 = Debug|Any CPU
		{09D43316-7110-431C-AEA3-21080DA0C866}.Ad-Hoc|iPhoneSimulator.ActiveCfg = Debug|Any CPU
		{09D43316-7110-431C-AEA3-21080DA0C866}.Ad-Hoc|iPhoneSimulator.Build.0 = Debug|Any CPU
		{09D43316-7110-431C-AEA3-21080DA0C866}.Ad-Hoc|iPhoneSimulator.Deploy.0 = Debug|Any CPU
		{09D43316-7110-431C-AEA3-21080DA0C866}.AppStore|Any CPU.ActiveCfg = Debug|Any CPU
		{09D43316-7110-431C-AEA3-21080DA0C866}.AppStore|Any CPU.Build.0 = Debug|Any CPU
		{09D43316-7110-431C-AEA3-21080DA0C866}.AppStore|Any CPU.Deploy.0 = Debug|Any CPU
		{09D43316-7110-431C-AEA3-21080DA0C866}.AppStore|iPhone.ActiveCfg = Debug|Any CPU
		{09D43316-7110-431C-AEA3-21080DA0C866}.AppStore|iPhone.Build.0 = Debug|Any CPU
		{09D43316-7110-431C-AEA3-21080DA0C866}.AppStore|iPhone.Deploy.0 = Debug|Any CPU
		{09D43316-7110-431C-AEA3-21080DA0C866}.AppStore|iPhoneSimulator.ActiveCfg = Debug|Any CPU
		{09D43316-7110-431C-AEA3-21080DA0C866}.AppStore|iPhoneSimulator.Build.0 = Debug|Any CPU
		{09D43316-7110-431C-AEA3-21080DA0C866}.AppStore|iPhoneSimulator.Deploy.0 = Debug|Any CPU
		{09D43316-7110-431C-AEA3-21080DA0C866}.Debug|Any CPU.ActiveCfg = Debug|Any CPU
		{09D43316-7110-431C-AEA3-21080DA0C866}.Debug|Any CPU.Build.0 = Debug|Any CPU
		{09D43316-7110-431C-AEA3-21080DA0C866}.Debug|Any CPU.Deploy.0 = Debug|Any CPU
		{09D43316-7110-431C-AEA3-21080DA0C866}.Debug|iPhone.ActiveCfg = Debug|Any CPU
		{09D43316-7110-431C-AEA3-21080DA0C866}.Debug|iPhone.Build.0 = Debug|Any CPU
		{09D43316-7110-431C-AEA3-21080DA0C866}.Debug|iPhone.Deploy.0 = Debug|Any CPU
		{09D43316-7110-431C-AEA3-21080DA0C866}.Debug|iPhoneSimulator.ActiveCfg = Debug|Any CPU
		{09D43316-7110-431C-AEA3-21080DA0C866}.Debug|iPhoneSimulator.Build.0 = Debug|Any CPU
		{09D43316-7110-431C-AEA3-21080DA0C866}.Debug|iPhoneSimulator.Deploy.0 = Debug|Any CPU
		{09D43316-7110-431C-AEA3-21080DA0C866}.Release|Any CPU.ActiveCfg = Release|Any CPU
		{09D43316-7110-431C-AEA3-21080DA0C866}.Release|Any CPU.Build.0 = Release|Any CPU
		{09D43316-7110-431C-AEA3-21080DA0C866}.Release|Any CPU.Deploy.0 = Release|Any CPU
		{09D43316-7110-431C-AEA3-21080DA0C866}.Release|iPhone.ActiveCfg = Release|Any CPU
		{09D43316-7110-431C-AEA3-21080DA0C866}.Release|iPhone.Build.0 = Release|Any CPU
		{09D43316-7110-431C-AEA3-21080DA0C866}.Release|iPhone.Deploy.0 = Release|Any CPU
		{09D43316-7110-431C-AEA3-21080DA0C866}.Release|iPhoneSimulator.ActiveCfg = Release|Any CPU
		{09D43316-7110-431C-AEA3-21080DA0C866}.Release|iPhoneSimulator.Build.0 = Release|Any CPU
		{09D43316-7110-431C-AEA3-21080DA0C866}.Release|iPhoneSimulator.Deploy.0 = Release|Any CPU
	EndGlobalSection
	GlobalSection(SolutionProperties) = preSolution
		HideSolutionNode = FALSE
	EndGlobalSection
	GlobalSection(ExtensibilityGlobals) = postSolution
		SolutionGuid = {1BB49E21-E84B-4023-AA1A-030CD5C02937}
	EndGlobalSection
EndGlobal
